
Microsoft Visual Studio Solution File, Format Version 12.00
# Visual Studio 14
VisualStudioVersion = 14.0.25420.1
MinimumVisualStudioVersion = 10.0.40219.1
Project("{FAE04EC0-301F-11D3-BF4B-00C04F79EFBC}") = "Store.Entities", "Store.Entities\Store.Entities.csproj", "{681A155D-65A5-4620-9473-DF805399DEF5}"
EndProject
Project("{FAE04EC0-301F-11D3-BF4B-00C04F79EFBC}") = "Store.Data", "Store.Data\Store.Data.csproj", "{4AB8FEA8-BA2B-4D10-A7F0-E85F4AF78C43}"
EndProject
Project("{FAE04EC0-301F-11D3-BF4B-00C04F79EFBC}") = "Store", "Store\Store.csproj", "{9E63BA46-1CF5-49F8-A98F-2AF467E066F1}"
EndProject
Global
	GlobalSection(SolutionConfigurationPlatforms) = preSolution
		Debug|Any CPU = Debug|Any CPU
		Release|Any CPU = Release|Any CPU
	EndGlobalSection
	GlobalSection(ProjectConfigurationPlatforms) = postSolution
		{681A155D-65A5-4620-9473-DF805399DEF5}.Debug|Any CPU.ActiveCfg = Debug|Any CPU
		{681A155D-65A5-4620-9473-DF805399DEF5}.Debug|Any CPU.Build.0 = Debug|Any CPU
		{681A155D-65A5-4620-9473-DF805399DEF5}.Release|Any CPU.ActiveCfg = Release|Any CPU
		{681A155D-65A5-4620-9473-DF805399DEF5}.Release|Any CPU.Build.0 = Release|Any CPU
		{4AB8FEA8-BA2B-4D10-A7F0-E85F4AF78C43}.Debug|Any CPU.ActiveCfg = Debug|Any CPU
		{4AB8FEA8-BA2B-4D10-A7F0-E85F4AF78C43}.Debug|Any CPU.Build.0 = Debug|Any CPU
		{4AB8FEA8-BA2B-4D10-A7F0-E85F4AF78C43}.Release|Any CPU.ActiveCfg = Release|Any CPU
		{4AB8FEA8-BA2B-4D10-A7F0-E85F4AF78C43}.Release|Any CPU.Build.0 = Release|Any CPU
		{9E63BA46-1CF5-49F8-A98F-2AF467E066F1}.Debug|Any CPU.ActiveCfg = Debug|Any CPU
		{9E63BA46-1CF5-49F8-A98F-2AF467E066F1}.Debug|Any CPU.Build.0 = Debug|Any CPU
		{9E63BA46-1CF5-49F8-A98F-2AF467E066F1}.Release|Any CPU.ActiveCfg = Release|Any CPU
		{9E63BA46-1CF5-49F8-A98F-2AF467E066F1}.Release|Any CPU.Build.0 = Release|Any CPU
	EndGlobalSection
	GlobalSection(SolutionProperties) = preSolution
		HideSolutionNode = FALSE
	EndGlobalSection
EndGlobal
